
Microsoft Visual Studio Solution File, Format Version 12.00
# Visual Studio Version 16
VisualStudioVersion = 16.0.30320.27
MinimumVisualStudioVersion = 10.0.40219.1
Project("{FAE04EC0-301F-11D3-BF4B-00C04F79EFBC}") = "DRC-GetUPI", "DRC-GetUPI\DRC-GetUPI.csproj", "{08E143CC-9282-4BA4-B556-3EA09BA80DD2}"
EndProject
Global
	GlobalSection(SolutionConfigurationPlatforms) = preSolution
		Debug|Any CPU = Debug|Any CPU
		Release|Any CPU = Release|Any CPU
	EndGlobalSection
	GlobalSection(ProjectConfigurationPlatforms) = postSolution
		{08E143CC-9282-4BA4-B556-3EA09BA80DD2}.Debug|Any CPU.ActiveCfg = Debug|Any CPU
		{08E143CC-9282-4BA4-B556-3EA09BA80DD2}.Debug|Any CPU.Build.0 = Debug|Any CPU
		{08E143CC-9282-4BA4-B556-3EA09BA80DD2}.Release|Any CPU.ActiveCfg = Release|Any CPU
		{08E143CC-9282-4BA4-B556-3EA09BA80DD2}.Release|Any CPU.Build.0 = Release|Any CPU
	EndGlobalSection
	GlobalSection(SolutionProperties) = preSolution
		HideSolutionNode = FALSE
	EndGlobalSection
	GlobalSection(ExtensibilityGlobals) = postSolution
		SolutionGuid = {D5CA456A-7C96-4ED0-903E-67DC9003B32A}
	EndGlobalSection
EndGlobal
